
Microsoft Visual Studio Solution File, Format Version 12.00
# Visual Studio Version 17
VisualStudioVersion = 17.13.35828.75 d17.13
MinimumVisualStudioVersion = 10.0.40219.1
Project("{FAE04EC0-301F-11D3-BF4B-00C04F79EFBC}") = "WpfApp1", "WpfApp1\WpfApp1.csproj", "{F3B9EAAF-E222-4AE2-8284-09D67563E461}"
EndProject
Global
	GlobalSection(SolutionConfigurationPlatforms) = preSolution
		Debug|Any CPU = Debug|Any CPU
		Release|Any CPU = Release|Any CPU
	EndGlobalSection
	GlobalSection(ProjectConfigurationPlatforms) = postSolution
		{F3B9EAAF-E222-4AE2-8284-09D67563E461}.Debug|Any CPU.ActiveCfg = Debug|Any CPU
		{F3B9EAAF-E222-4AE2-8284-09D67563E461}.Debug|Any CPU.Build.0 = Debug|Any CPU
		{F3B9EAAF-E222-4AE2-8284-09D67563E461}.Release|Any CPU.ActiveCfg = Release|Any CPU
		{F3B9EAAF-E222-4AE2-8284-09D67563E461}.Release|Any CPU.Build.0 = Release|Any CPU
	EndGlobalSection
	GlobalSection(SolutionProperties) = preSolution
		HideSolutionNode = FALSE
	EndGlobalSection
	GlobalSection(ExtensibilityGlobals) = postSolution
		SolutionGuid = {CDCAFD6D-E0FF-49C8-BB65-AD1478EE564D}
	EndGlobalSection
EndGlobal
